{
  "name": "palmreader",
  "version": "0.0.0",
  "lockfileVersion": 2,
  "requires": true,
  "packages": {
    "": {
      "name": "palmreader",
      "version": "0.0.0",
      "license": "MIT",
      "dependencies": {
        "blessed": "github:pinheadmz/blessed",
        "blgr": "^0.2.0",
        "hsd-ledger": "^2.0.1"
      }
    },
    "node_modules/blessed": {
      "version": "0.1.81",
      "resolved": "git+ssh://git@github.com/pinheadmz/blessed.git#3bfb0c3d7043df040823a192dbc17d8cc8792178",
      "license": "MIT",
      "bin": {
        "blessed": "bin/tput.js"
      },
      "engines": {
        "node": ">= 0.8.0"
      }
    },
    "node_modules/blgr": {
      "version": "0.2.0",
      "resolved": "https://registry.npmjs.org/blgr/-/blgr-0.2.0.tgz",
      "integrity": "sha512-2jZdqajYCGD5rwGdOooQpxgjKsiAAV2g8LapwSnbTjAYTZAqmqBAS+GsVGFi+/y7t1Pspidv/5HsWBbJrsEuFw==",
      "dependencies": {
        "bsert": "~0.0.10"
      },
      "engines": {
        "node": ">=8.0.0"
      }
    },
    "node_modules/bmutex": {
      "version": "0.1.6",
      "resolved": "git+ssh://git@github.com/bcoin-org/bmutex.git#e50782323932a4946ecc05a74c6d45861adc2c25",
      "license": "MIT",
      "dependencies": {
        "bsert": "~0.0.10"
      },
      "engines": {
        "node": ">=8.0.0"
      }
    },
    "node_modules/bsert": {
      "version": "0.0.10",
      "resolved": "git+ssh://git@github.com/chjj/bsert.git#bd09d49eab8644bca08ae8259a3d8756e7d453fc",
      "license": "MIT",
      "engines": {
        "node": ">=8.0.0"
      }
    },
    "node_modules/bufio": {
      "version": "1.0.7",
      "resolved": "git+ssh://git@github.com/bcoin-org/bufio.git#91ae6c93899ff9fad7d7cee9afd2a1c4933ca984",
      "license": "MIT",
      "engines": {
        "node": ">=8.0.0"
      }
    },
    "node_modules/hsd-ledger": {
      "version": "2.0.1",
      "resolved": "https://registry.npmjs.org/hsd-ledger/-/hsd-ledger-2.0.1.tgz",
      "integrity": "sha512-Jc/TWqyPWuhG85ZQxkjZDRvcLDLjtpKI8ivzpZaODI49rWXHkM5X5jnYpGe6sdz8UxG1IwuyMqlX7bQJ3tWgQw==",
      "dependencies": {
        "blgr": "git+https://github.com/bcoin-org/blgr.git#semver:~0.1.7",
        "bmutex": "git+https://github.com/bcoin-org/bmutex.git#semver:~0.1.6",
        "bsert": "git+https://github.com/chjj/bsert.git#semver:~0.0.10",
        "bufio": "git+https://github.com/bcoin-org/bufio.git#semver:^1.0.6",
        "node-hid": "git+https://github.com/nodech/node-hid.git#semver:2.1.1-hsd.0"
      },
      "engines": {
        "node": ">=8.0.0"
      }
    },
    "node_modules/hsd-ledger/node_modules/blgr": {
      "version": "0.1.9",
      "resolved": "git+ssh://git@github.com/bcoin-org/blgr.git#d95f22fef712becee80588de07807c6f92436c7c",
      "license": "MIT",
      "dependencies": {
        "bsert": "~0.0.10"
      },
      "engines": {
        "node": ">=8.0.0"
      }
    },
    "node_modules/loady": {
      "version": "0.0.5",
      "resolved": "https://registry.npmjs.org/loady/-/loady-0.0.5.tgz",
      "integrity": "sha512-uxKD2HIj042/HBx77NBcmEPsD+hxCgAtjEWlYNScuUjIsh/62Uyu39GOR68TBR68v+jqDL9zfftCWoUo4y03sQ==",
      "engines": {
        "node": ">=8.0.0"
      }
    },
    "node_modules/node-addon-api": {
      "version": "3.0.2",
      "resolved": "git+ssh://git@github.com/nodech/node-addon-api.git#79a777e1f85305b374878d757fd4a2c60e70abe7",
      "license": "MIT"
    },
    "node_modules/node-hid": {
      "version": "2.1.1-hsd.0",
      "resolved": "git+ssh://git@github.com/nodech/node-hid.git#e1fc47bb2b5fa29b09e7429218c3c78607a62b23",
      "hasInstallScript": true,
      "license": "(MIT OR X11)",
      "dependencies": {
        "loady": "~0.0.5",
        "node-addon-api": "git+https://github.com/nodech/node-addon-api#semver:3.0.2"
      },
      "bin": {
        "hid-showdevices": "src/show-devices.js"
      },
      "engines": {
        "node": ">=10"
      }
    }
  },
  "dependencies": {
    "blessed": {
      "version": "git+ssh://git@github.com/pinheadmz/blessed.git#3bfb0c3d7043df040823a192dbc17d8cc8792178",
      "from": "blessed@github:pinheadmz/blessed"
    },
    "blgr": {
      "version": "0.2.0",
      "resolved": "https://registry.npmjs.org/blgr/-/blgr-0.2.0.tgz",
      "integrity": "sha512-2jZdqajYCGD5rwGdOooQpxgjKsiAAV2g8LapwSnbTjAYTZAqmqBAS+GsVGFi+/y7t1Pspidv/5HsWBbJrsEuFw==",
      "requires": {
        "bsert": "~0.0.10"
      }
    },
    "bmutex": {
      "version": "git+ssh://git@github.com/bcoin-org/bmutex.git#e50782323932a4946ecc05a74c6d45861adc2c25",
      "from": "bmutex@git+https://github.com/bcoin-org/bmutex.git#semver:~0.1.6",
      "requires": {
        "bsert": "~0.0.10"
      }
    },
    "bsert": {
      "version": "git+ssh://git@github.com/chjj/bsert.git#bd09d49eab8644bca08ae8259a3d8756e7d453fc",
      "from": "bsert@~0.0.10"
    },
    "bufio": {
      "version": "git+ssh://git@github.com/bcoin-org/bufio.git#91ae6c93899ff9fad7d7cee9afd2a1c4933ca984",
      "from": "bufio@git+https://github.com/bcoin-org/bufio.git#semver:^1.0.6"
    },
    "hsd-ledger": {
      "version": "2.0.1",
      "resolved": "https://registry.npmjs.org/hsd-ledger/-/hsd-ledger-2.0.1.tgz",
      "integrity": "sha512-Jc/TWqyPWuhG85ZQxkjZDRvcLDLjtpKI8ivzpZaODI49rWXHkM5X5jnYpGe6sdz8UxG1IwuyMqlX7bQJ3tWgQw==",
      "requires": {
        "blgr": "git+https://github.com/bcoin-org/blgr.git#semver:~0.1.7",
        "bmutex": "git+https://github.com/bcoin-org/bmutex.git#semver:~0.1.6",
        "bsert": "git+https://github.com/chjj/bsert.git#semver:~0.0.10",
        "bufio": "git+https://github.com/bcoin-org/bufio.git#semver:^1.0.6",
        "node-hid": "git+https://github.com/nodech/node-hid.git#semver:2.1.1-hsd.0"
      },
      "dependencies": {
        "blgr": {
          "version": "git+ssh://git@github.com/bcoin-org/blgr.git#d95f22fef712becee80588de07807c6f92436c7c",
          "from": "blgr@git+https://github.com/bcoin-org/blgr.git#semver:~0.1.7",
          "requires": {
            "bsert": "~0.0.10"
          }
        }
      }
    },
    "loady": {
      "version": "0.0.5",
      "resolved": "https://registry.npmjs.org/loady/-/loady-0.0.5.tgz",
      "integrity": "sha512-uxKD2HIj042/HBx77NBcmEPsD+hxCgAtjEWlYNScuUjIsh/62Uyu39GOR68TBR68v+jqDL9zfftCWoUo4y03sQ=="
    },
    "node-addon-api": {
      "version": "git+ssh://git@github.com/nodech/node-addon-api.git#79a777e1f85305b374878d757fd4a2c60e70abe7",
      "from": "node-addon-api@git+https://github.com/nodech/node-addon-api#semver:3.0.2"
    },
    "node-hid": {
      "version": "git+ssh://git@github.com/nodech/node-hid.git#e1fc47bb2b5fa29b09e7429218c3c78607a62b23",
      "from": "node-hid@git+https://github.com/nodech/node-hid.git#semver:2.1.1-hsd.0",
      "requires": {
        "loady": "~0.0.5",
        "node-addon-api": "git+https://github.com/nodech/node-addon-api#semver:3.0.2"
      }
    }
  }
}
